
Microsoft Visual Studio Solution File, Format Version 12.00
# Visual Studio Version 17
VisualStudioVersion = 17.11.35303.130
MinimumVisualStudioVersion = 10.0.40219.1
Project("{9A19103F-16F7-4668-BE54-9A1E7A4F7556}") = "Task01_FrogJumpingPuzzle", "Task01_FrogJumpingPuzzle\Task01_FrogJumpingPuzzle.csproj", "{DD879481-3944-4C0D-B792-B52007DD8738}"
EndProject
Project("{FAE04EC0-301F-11D3-BF4B-00C04F79EFBC}") = "Task02_SlidingBlocksNPuzzle", "Task02_SlidingBlocksNPuzzle\Task02_SlidingBlocksNPuzzle.csproj", "{AE55579F-F183-4EB3-9365-A56ABD115194}"
EndProject
Global
	GlobalSection(SolutionConfigurationPlatforms) = preSolution
		Debug|Any CPU = Debug|Any CPU
		Release|Any CPU = Release|Any CPU
	EndGlobalSection
	GlobalSection(ProjectConfigurationPlatforms) = postSolution
		{DD879481-3944-4C0D-B792-B52007DD8738}.Debug|Any CPU.ActiveCfg = Debug|Any CPU
		{DD879481-3944-4C0D-B792-B52007DD8738}.Debug|Any CPU.Build.0 = Debug|Any CPU
		{DD879481-3944-4C0D-B792-B52007DD8738}.Release|Any CPU.ActiveCfg = Release|Any CPU
		{DD879481-3944-4C0D-B792-B52007DD8738}.Release|Any CPU.Build.0 = Release|Any CPU
		{AE55579F-F183-4EB3-9365-A56ABD115194}.Debug|Any CPU.ActiveCfg = Debug|Any CPU
		{AE55579F-F183-4EB3-9365-A56ABD115194}.Debug|Any CPU.Build.0 = Debug|Any CPU
		{AE55579F-F183-4EB3-9365-A56ABD115194}.Release|Any CPU.ActiveCfg = Release|Any CPU
		{AE55579F-F183-4EB3-9365-A56ABD115194}.Release|Any CPU.Build.0 = Release|Any CPU
	EndGlobalSection
	GlobalSection(SolutionProperties) = preSolution
		HideSolutionNode = FALSE
	EndGlobalSection
	GlobalSection(ExtensibilityGlobals) = postSolution
		SolutionGuid = {ED52B06A-8D09-46BF-B5F2-EBB6D4665236}
	EndGlobalSection
EndGlobal
